
Microsoft Visual Studio Solution File, Format Version 12.00
# Visual Studio 15
VisualStudioVersion = 15.0.27428.2037
MinimumVisualStudioVersion = 10.0.40219.1
Project("{FAE04EC0-301F-11D3-BF4B-00C04F79EFBC}") = "Rota.Android", "Rota\Rota.Android\Rota.Android.csproj", "{568EB0DA-6219-4B90-B1DB-D4E3917A64FC}"
EndProject
Project("{FAE04EC0-301F-11D3-BF4B-00C04F79EFBC}") = "Rota", "Rota\Rota\Rota.csproj", "{9D3005ED-3F94-4F3D-8CFA-2F09F4D19596}"
EndProject
Global
	GlobalSection(SolutionConfigurationPlatforms) = preSolution
		Debug|Any CPU = Debug|Any CPU
		Release|Any CPU = Release|Any CPU
	EndGlobalSection
	GlobalSection(ProjectConfigurationPlatforms) = postSolution
		{568EB0DA-6219-4B90-B1DB-D4E3917A64FC}.Debug|Any CPU.ActiveCfg = Debug|Any CPU
		{568EB0DA-6219-4B90-B1DB-D4E3917A64FC}.Debug|Any CPU.Build.0 = Debug|Any CPU
		{568EB0DA-6219-4B90-B1DB-D4E3917A64FC}.Debug|Any CPU.Deploy.0 = Debug|Any CPU
		{568EB0DA-6219-4B90-B1DB-D4E3917A64FC}.Release|Any CPU.ActiveCfg = Release|Any CPU
		{568EB0DA-6219-4B90-B1DB-D4E3917A64FC}.Release|Any CPU.Build.0 = Release|Any CPU
		{568EB0DA-6219-4B90-B1DB-D4E3917A64FC}.Release|Any CPU.Deploy.0 = Release|Any CPU
		{9D3005ED-3F94-4F3D-8CFA-2F09F4D19596}.Debug|Any CPU.ActiveCfg = Debug|Any CPU
		{9D3005ED-3F94-4F3D-8CFA-2F09F4D19596}.Debug|Any CPU.Build.0 = Debug|Any CPU
		{9D3005ED-3F94-4F3D-8CFA-2F09F4D19596}.Release|Any CPU.ActiveCfg = Release|Any CPU
		{9D3005ED-3F94-4F3D-8CFA-2F09F4D19596}.Release|Any CPU.Build.0 = Release|Any CPU
	EndGlobalSection
	GlobalSection(SolutionProperties) = preSolution
		HideSolutionNode = FALSE
	EndGlobalSection
	GlobalSection(ExtensibilityGlobals) = postSolution
		SolutionGuid = {6FE4C414-AD49-4BA5-9CF9-F2F98CBB9FFD}
	EndGlobalSection
EndGlobal
